
Microsoft Visual Studio Solution File, Format Version 12.00
# Visual Studio 2013
VisualStudioVersion = 12.0.31101.0
MinimumVisualStudioVersion = 10.0.40219.1
Project("{FAE04EC0-301F-11D3-BF4B-00C04F79EFBC}") = "01.OddOrEvenIntegers", "01.OddOrEvenIntegers\01.OddOrEvenIntegers.csproj", "{6808E66E-FCC6-4B75-8D37-9CC1F93B5556}"
EndProject
Project("{FAE04EC0-301F-11D3-BF4B-00C04F79EFBC}") = "02.GravitationOnTheMoon", "02.GravitationOnTheMoon\02.GravitationOnTheMoon.csproj", "{BB5BA805-98C9-4475-A579-1DE0FECA805A}"
EndProject
Project("{FAE04EC0-301F-11D3-BF4B-00C04F79EFBC}") = "03.DivideBy7And5", "03.DivideBy7And5\03.DivideBy7And5.csproj", "{AB4B1386-DD34-487F-9C39-4FF5D2D8384B}"
EndProject
Project("{FAE04EC0-301F-11D3-BF4B-00C04F79EFBC}") = "04.Rectangles", "04.Rectangles\04.Rectangles.csproj", "{B2F39FFB-AB13-4A8E-B432-9816C74F2F67}"
EndProject
Project("{FAE04EC0-301F-11D3-BF4B-00C04F79EFBC}") = "05.ThirdDigitIs7", "05.ThirdDigitIs7\05.ThirdDigitIs7.csproj", "{80645714-0AE6-4164-9AC4-A1D8F91806AB}"
EndProject
Project("{FAE04EC0-301F-11D3-BF4B-00C04F79EFBC}") = "06.FourDigitNumber", "06.FourDigitNumber\06.FourDigitNumber.csproj", "{D9448B7A-FFFE-462B-B277-18948EE22385}"
EndProject
Project("{FAE04EC0-301F-11D3-BF4B-00C04F79EFBC}") = "07.PointInACircle", "07.PointInACircle\07.PointInACircle.csproj", "{CA920A6E-85ED-486D-89D2-FED4AF618850}"
EndProject
Project("{FAE04EC0-301F-11D3-BF4B-00C04F79EFBC}") = "08.PrimeNumberCheck", "08.PrimeNumberCheck\08.PrimeNumberCheck.csproj", "{A1945012-A6F4-4628-919F-66C82F204DB3}"
EndProject
Project("{FAE04EC0-301F-11D3-BF4B-00C04F79EFBC}") = "09.Trapezoids", "09.Trapezoids\09.Trapezoids.csproj", "{D281521D-6CE0-4F14-9448-D2BDAE75E467}"
EndProject
Project("{FAE04EC0-301F-11D3-BF4B-00C04F79EFBC}") = "10.PointInCircleOutRectangle", "10.PointInCircleOutRectangle\10.PointInCircleOutRectangle.csproj", "{96B113E7-5B7F-408C-A549-AE6E552C746D}"
EndProject
Project("{FAE04EC0-301F-11D3-BF4B-00C04F79EFBC}") = "11.BitwiseExtractBit3", "11.BitwiseExtractBit3\11.BitwiseExtractBit3.csproj", "{09EEE13E-67BD-4EED-9079-558A483409EB}"
EndProject
Project("{FAE04EC0-301F-11D3-BF4B-00C04F79EFBC}") = "12.ExtractBitFromInt", "12.ExtractBitFromInt\12.ExtractBitFromInt.csproj", "{8433E8A6-A29F-4D31-91C0-A8AAEFB77900}"
EndProject
Project("{FAE04EC0-301F-11D3-BF4B-00C04F79EFBC}") = "13.CheckBitAtGivenPosition", "13.CheckBitAtGivenPosition\13.CheckBitAtGivenPosition.csproj", "{3DC69B46-4BD4-4DD4-977B-28BAA6F3D804}"
EndProject
Project("{FAE04EC0-301F-11D3-BF4B-00C04F79EFBC}") = "14.ModifyBitAtGivenPosition", "14.ModifyBitAtGivenPosition\14.ModifyBitAtGivenPosition.csproj", "{4A9ACC1C-837F-4A9D-84B6-459AA0ECF41E}"
EndProject
Project("{FAE04EC0-301F-11D3-BF4B-00C04F79EFBC}") = "15.BitsExchange", "15.BitsExchange\15.BitsExchange.csproj", "{1343A348-189C-4CD0-B305-DD5EC325AA55}"
EndProject
Global
	GlobalSection(SolutionConfigurationPlatforms) = preSolution
		Debug|Any CPU = Debug|Any CPU
		Release|Any CPU = Release|Any CPU
	EndGlobalSection
	GlobalSection(ProjectConfigurationPlatforms) = postSolution
		{6808E66E-FCC6-4B75-8D37-9CC1F93B5556}.Debug|Any CPU.ActiveCfg = Debug|Any CPU
		{6808E66E-FCC6-4B75-8D37-9CC1F93B5556}.Debug|Any CPU.Build.0 = Debug|Any CPU
		{6808E66E-FCC6-4B75-8D37-9CC1F93B5556}.Release|Any CPU.ActiveCfg = Release|Any CPU
		{6808E66E-FCC6-4B75-8D37-9CC1F93B5556}.Release|Any CPU.Build.0 = Release|Any CPU
		{BB5BA805-98C9-4475-A579-1DE0FECA805A}.Debug|Any CPU.ActiveCfg = Debug|Any CPU
		{BB5BA805-98C9-4475-A579-1DE0FECA805A}.Debug|Any CPU.Build.0 = Debug|Any CPU
		{BB5BA805-98C9-4475-A579-1DE0FECA805A}.Release|Any CPU.ActiveCfg = Release|Any CPU
		{BB5BA805-98C9-4475-A579-1DE0FECA805A}.Release|Any CPU.Build.0 = Release|Any CPU
		{AB4B1386-DD34-487F-9C39-4FF5D2D8384B}.Debug|Any CPU.ActiveCfg = Debug|Any CPU
		{AB4B1386-DD34-487F-9C39-4FF5D2D8384B}.Debug|Any CPU.Build.0 = Debug|Any CPU
		{AB4B1386-DD34-487F-9C39-4FF5D2D8384B}.Release|Any CPU.ActiveCfg = Release|Any CPU
		{AB4B1386-DD34-487F-9C39-4FF5D2D8384B}.Release|Any CPU.Build.0 = Release|Any CPU
		{B2F39FFB-AB13-4A8E-B432-9816C74F2F67}.Debug|Any CPU.ActiveCfg = Debug|Any CPU
		{B2F39FFB-AB13-4A8E-B432-9816C74F2F67}.Debug|Any CPU.Build.0 = Debug|Any CPU
		{B2F39FFB-AB13-4A8E-B432-9816C74F2F67}.Release|Any CPU.ActiveCfg = Release|Any CPU
		{B2F39FFB-AB13-4A8E-B432-9816C74F2F67}.Release|Any CPU.Build.0 = Release|Any CPU
		{80645714-0AE6-4164-9AC4-A1D8F91806AB}.Debug|Any CPU.ActiveCfg = Debug|Any CPU
		{80645714-0AE6-4164-9AC4-A1D8F91806AB}.Debug|Any CPU.Build.0 = Debug|Any CPU
		{80645714-0AE6-4164-9AC4-A1D8F91806AB}.Release|Any CPU.ActiveCfg = Release|Any CPU
		{80645714-0AE6-4164-9AC4-A1D8F91806AB}.Release|Any CPU.Build.0 = Release|Any CPU
		{D9448B7A-FFFE-462B-B277-18948EE22385}.Debug|Any CPU.ActiveCfg = Debug|Any CPU
		{D9448B7A-FFFE-462B-B277-18948EE22385}.Debug|Any CPU.Build.0 = Debug|Any CPU
		{D9448B7A-FFFE-462B-B277-18948EE22385}.Release|Any CPU.ActiveCfg = Release|Any CPU
		{D9448B7A-FFFE-462B-B277-18948EE22385}.Release|Any CPU.Build.0 = Release|Any CPU
		{CA920A6E-85ED-486D-89D2-FED4AF618850}.Debug|Any CPU.ActiveCfg = Debug|Any CPU
		{CA920A6E-85ED-486D-89D2-FED4AF618850}.Debug|Any CPU.Build.0 = Debug|Any CPU
		{CA920A6E-85ED-486D-89D2-FED4AF618850}.Release|Any CPU.ActiveCfg = Release|Any CPU
		{CA920A6E-85ED-486D-89D2-FED4AF618850}.Release|Any CPU.Build.0 = Release|Any CPU
		{A1945012-A6F4-4628-919F-66C82F204DB3}.Debug|Any CPU.ActiveCfg = Debug|Any CPU
		{A1945012-A6F4-4628-919F-66C82F204DB3}.Debug|Any CPU.Build.0 = Debug|Any CPU
		{A1945012-A6F4-4628-919F-66C82F204DB3}.Release|Any CPU.ActiveCfg = Release|Any CPU
		{A1945012-A6F4-4628-919F-66C82F204DB3}.Release|Any CPU.Build.0 = Release|Any CPU
		{D281521D-6CE0-4F14-9448-D2BDAE75E467}.Debug|Any CPU.ActiveCfg = Debug|Any CPU
		{D281521D-6CE0-4F14-9448-D2BDAE75E467}.Debug|Any CPU.Build.0 = Debug|Any CPU
		{D281521D-6CE0-4F14-9448-D2BDAE75E467}.Release|Any CPU.ActiveCfg = Release|Any CPU
		{D281521D-6CE0-4F14-9448-D2BDAE75E467}.Release|Any CPU.Build.0 = Release|Any CPU
		{96B113E7-5B7F-408C-A549-AE6E552C746D}.Debug|Any CPU.ActiveCfg = Debug|Any CPU
		{96B113E7-5B7F-408C-A549-AE6E552C746D}.Debug|Any CPU.Build.0 = Debug|Any CPU
		{96B113E7-5B7F-408C-A549-AE6E552C746D}.Release|Any CPU.ActiveCfg = Release|Any CPU
		{96B113E7-5B7F-408C-A549-AE6E552C746D}.Release|Any CPU.Build.0 = Release|Any CPU
		{09EEE13E-67BD-4EED-9079-558A483409EB}.Debug|Any CPU.ActiveCfg = Debug|Any CPU
		{09EEE13E-67BD-4EED-9079-558A483409EB}.Debug|Any CPU.Build.0 = Debug|Any CPU
		{09EEE13E-67BD-4EED-9079-558A483409EB}.Release|Any CPU.ActiveCfg = Release|Any CPU
		{09EEE13E-67BD-4EED-9079-558A483409EB}.Release|Any CPU.Build.0 = Release|Any CPU
		{8433E8A6-A29F-4D31-91C0-A8AAEFB77900}.Debug|Any CPU.ActiveCfg = Debug|Any CPU
		{8433E8A6-A29F-4D31-91C0-A8AAEFB77900}.Debug|Any CPU.Build.0 = Debug|Any CPU
		{8433E8A6-A29F-4D31-91C0-A8AAEFB77900}.Release|Any CPU.ActiveCfg = Release|Any CPU
		{8433E8A6-A29F-4D31-91C0-A8AAEFB77900}.Release|Any CPU.Build.0 = Release|Any CPU
		{3DC69B46-4BD4-4DD4-977B-28BAA6F3D804}.Debug|Any CPU.ActiveCfg = Debug|Any CPU
		{3DC69B46-4BD4-4DD4-977B-28BAA6F3D804}.Debug|Any CPU.Build.0 = Debug|Any CPU
		{3DC69B46-4BD4-4DD4-977B-28BAA6F3D804}.Release|Any CPU.ActiveCfg = Release|Any CPU
		{3DC69B46-4BD4-4DD4-977B-28BAA6F3D804}.Release|Any CPU.Build.0 = Release|Any CPU
		{4A9ACC1C-837F-4A9D-84B6-459AA0ECF41E}.Debug|Any CPU.ActiveCfg = Debug|Any CPU
		{4A9ACC1C-837F-4A9D-84B6-459AA0ECF41E}.Debug|Any CPU.Build.0 = Debug|Any CPU
		{4A9ACC1C-837F-4A9D-84B6-459AA0ECF41E}.Release|Any CPU.ActiveCfg = Release|Any CPU
		{4A9ACC1C-837F-4A9D-84B6-459AA0ECF41E}.Release|Any CPU.Build.0 = Release|Any CPU
		{1343A348-189C-4CD0-B305-DD5EC325AA55}.Debug|Any CPU.ActiveCfg = Debug|Any CPU
		{1343A348-189C-4CD0-B305-DD5EC325AA55}.Debug|Any CPU.Build.0 = Debug|Any CPU
		{1343A348-189C-4CD0-B305-DD5EC325AA55}.Release|Any CPU.ActiveCfg = Release|Any CPU
		{1343A348-189C-4CD0-B305-DD5EC325AA55}.Release|Any CPU.Build.0 = Release|Any CPU
	EndGlobalSection
	GlobalSection(SolutionProperties) = preSolution
		HideSolutionNode = FALSE
	EndGlobalSection
EndGlobal
