
Microsoft Visual Studio Solution File, Format Version 12.00
# Visual Studio 2013
VisualStudioVersion = 12.0.31101.0
MinimumVisualStudioVersion = 10.0.40219.1
Project("{FAE04EC0-301F-11D3-BF4B-00C04F79EFBC}") = "01.DeclareVariables", "01.DeclareVariables\01.DeclareVariables.csproj", "{FFE64755-A10D-4521-9D04-97186B782BAF}"
EndProject
Project("{FAE04EC0-301F-11D3-BF4B-00C04F79EFBC}") = "02.FloatOrDouble", "02.FloatOrDouble\02.FloatOrDouble.csproj", "{7A0398B2-AE62-49CE-A989-9AB5B820A10A}"
EndProject
Project("{FAE04EC0-301F-11D3-BF4B-00C04F79EFBC}") = "03.VariableInHexadecimalFormat", "03.VariableInHexadecimalFormat\03.VariableInHexadecimalFormat.csproj", "{6EFD01FD-806F-4087-B865-F8A8B15D6FE1}"
EndProject
Project("{FAE04EC0-301F-11D3-BF4B-00C04F79EFBC}") = "04.UnicodeCharacter", "04.UnicodeCharacter\04.UnicodeCharacter.csproj", "{C6187643-A593-42F0-9414-70C5C87F9B76}"
EndProject
Project("{FAE04EC0-301F-11D3-BF4B-00C04F79EFBC}") = "05.BooleanVariable", "05.BooleanVariable\05.BooleanVariable.csproj", "{D5E2EEA4-F52E-47D3-AE78-660836D7AD55}"
EndProject
Project("{FAE04EC0-301F-11D3-BF4B-00C04F79EFBC}") = "06.StringsAndObjects", "06.StringsAndObjects\06.StringsAndObjects.csproj", "{1B96B6D4-DEBA-4CD6-9AC9-C32389680180}"
EndProject
Project("{FAE04EC0-301F-11D3-BF4B-00C04F79EFBC}") = "07.QuotesInStrings", "07.QuotesInStrings\07.QuotesInStrings.csproj", "{130DECEE-B6BC-4299-98C6-7C8C990C933A}"
EndProject
Project("{FAE04EC0-301F-11D3-BF4B-00C04F79EFBC}") = "08.IsoscelesTriangle", "08.IsoscelesTriangle\08.IsoscelesTriangle.csproj", "{98E4BD6C-5386-4C74-8847-10E0A11032B4}"
EndProject
Project("{FAE04EC0-301F-11D3-BF4B-00C04F79EFBC}") = "09.ExchangeVariableValues", "09.ExchangeVariableValues\09.ExchangeVariableValues.csproj", "{8BB75BFD-8FB6-4FC7-9CD6-8D632A7FE2B6}"
EndProject
Project("{FAE04EC0-301F-11D3-BF4B-00C04F79EFBC}") = "10.EmployeeData", "10.EmployeeData\10.EmployeeData.csproj", "{B52F0298-BE80-4229-A065-95501407641A}"
EndProject
Project("{FAE04EC0-301F-11D3-BF4B-00C04F79EFBC}") = "11.BankAccountData", "11.BankAccountData\11.BankAccountData.csproj", "{27717901-2789-4081-B358-968C3A846A7A}"
EndProject
Project("{FAE04EC0-301F-11D3-BF4B-00C04F79EFBC}") = "12.NullValuesArithmetic", "12.NullValuesArithmetic\12.NullValuesArithmetic.csproj", "{8B84415A-C5BC-4828-AD0A-ADFC654066E3}"
EndProject
Project("{FAE04EC0-301F-11D3-BF4B-00C04F79EFBC}") = "13.ComparingFloats", "13.ComparingFloats\13.ComparingFloats.csproj", "{9123706A-CE8F-4496-BC6B-248873ECB05D}"
EndProject
Project("{FAE04EC0-301F-11D3-BF4B-00C04F79EFBC}") = "14.PrintTheASCII", "14.PrintTheASCII\14.PrintTheASCII.csproj", "{8141935A-9F1A-4E3F-9FE8-895FD6A7C02E}"
EndProject
Global
	GlobalSection(SolutionConfigurationPlatforms) = preSolution
		Debug|Any CPU = Debug|Any CPU
		Release|Any CPU = Release|Any CPU
	EndGlobalSection
	GlobalSection(ProjectConfigurationPlatforms) = postSolution
		{FFE64755-A10D-4521-9D04-97186B782BAF}.Debug|Any CPU.ActiveCfg = Debug|Any CPU
		{FFE64755-A10D-4521-9D04-97186B782BAF}.Debug|Any CPU.Build.0 = Debug|Any CPU
		{FFE64755-A10D-4521-9D04-97186B782BAF}.Release|Any CPU.ActiveCfg = Release|Any CPU
		{FFE64755-A10D-4521-9D04-97186B782BAF}.Release|Any CPU.Build.0 = Release|Any CPU
		{7A0398B2-AE62-49CE-A989-9AB5B820A10A}.Debug|Any CPU.ActiveCfg = Debug|Any CPU
		{7A0398B2-AE62-49CE-A989-9AB5B820A10A}.Debug|Any CPU.Build.0 = Debug|Any CPU
		{7A0398B2-AE62-49CE-A989-9AB5B820A10A}.Release|Any CPU.ActiveCfg = Release|Any CPU
		{7A0398B2-AE62-49CE-A989-9AB5B820A10A}.Release|Any CPU.Build.0 = Release|Any CPU
		{6EFD01FD-806F-4087-B865-F8A8B15D6FE1}.Debug|Any CPU.ActiveCfg = Debug|Any CPU
		{6EFD01FD-806F-4087-B865-F8A8B15D6FE1}.Debug|Any CPU.Build.0 = Debug|Any CPU
		{6EFD01FD-806F-4087-B865-F8A8B15D6FE1}.Release|Any CPU.ActiveCfg = Release|Any CPU
		{6EFD01FD-806F-4087-B865-F8A8B15D6FE1}.Release|Any CPU.Build.0 = Release|Any CPU
		{C6187643-A593-42F0-9414-70C5C87F9B76}.Debug|Any CPU.ActiveCfg = Debug|Any CPU
		{C6187643-A593-42F0-9414-70C5C87F9B76}.Debug|Any CPU.Build.0 = Debug|Any CPU
		{C6187643-A593-42F0-9414-70C5C87F9B76}.Release|Any CPU.ActiveCfg = Release|Any CPU
		{C6187643-A593-42F0-9414-70C5C87F9B76}.Release|Any CPU.Build.0 = Release|Any CPU
		{D5E2EEA4-F52E-47D3-AE78-660836D7AD55}.Debug|Any CPU.ActiveCfg = Debug|Any CPU
		{D5E2EEA4-F52E-47D3-AE78-660836D7AD55}.Debug|Any CPU.Build.0 = Debug|Any CPU
		{D5E2EEA4-F52E-47D3-AE78-660836D7AD55}.Release|Any CPU.ActiveCfg = Release|Any CPU
		{D5E2EEA4-F52E-47D3-AE78-660836D7AD55}.Release|Any CPU.Build.0 = Release|Any CPU
		{1B96B6D4-DEBA-4CD6-9AC9-C32389680180}.Debug|Any CPU.ActiveCfg = Debug|Any CPU
		{1B96B6D4-DEBA-4CD6-9AC9-C32389680180}.Debug|Any CPU.Build.0 = Debug|Any CPU
		{1B96B6D4-DEBA-4CD6-9AC9-C32389680180}.Release|Any CPU.ActiveCfg = Release|Any CPU
		{1B96B6D4-DEBA-4CD6-9AC9-C32389680180}.Release|Any CPU.Build.0 = Release|Any CPU
		{130DECEE-B6BC-4299-98C6-7C8C990C933A}.Debug|Any CPU.ActiveCfg = Debug|Any CPU
		{130DECEE-B6BC-4299-98C6-7C8C990C933A}.Debug|Any CPU.Build.0 = Debug|Any CPU
		{130DECEE-B6BC-4299-98C6-7C8C990C933A}.Release|Any CPU.ActiveCfg = Release|Any CPU
		{130DECEE-B6BC-4299-98C6-7C8C990C933A}.Release|Any CPU.Build.0 = Release|Any CPU
		{98E4BD6C-5386-4C74-8847-10E0A11032B4}.Debug|Any CPU.ActiveCfg = Debug|Any CPU
		{98E4BD6C-5386-4C74-8847-10E0A11032B4}.Debug|Any CPU.Build.0 = Debug|Any CPU
		{98E4BD6C-5386-4C74-8847-10E0A11032B4}.Release|Any CPU.ActiveCfg = Release|Any CPU
		{98E4BD6C-5386-4C74-8847-10E0A11032B4}.Release|Any CPU.Build.0 = Release|Any CPU
		{8BB75BFD-8FB6-4FC7-9CD6-8D632A7FE2B6}.Debug|Any CPU.ActiveCfg = Debug|Any CPU
		{8BB75BFD-8FB6-4FC7-9CD6-8D632A7FE2B6}.Debug|Any CPU.Build.0 = Debug|Any CPU
		{8BB75BFD-8FB6-4FC7-9CD6-8D632A7FE2B6}.Release|Any CPU.ActiveCfg = Release|Any CPU
		{8BB75BFD-8FB6-4FC7-9CD6-8D632A7FE2B6}.Release|Any CPU.Build.0 = Release|Any CPU
		{B52F0298-BE80-4229-A065-95501407641A}.Debug|Any CPU.ActiveCfg = Debug|Any CPU
		{B52F0298-BE80-4229-A065-95501407641A}.Debug|Any CPU.Build.0 = Debug|Any CPU
		{B52F0298-BE80-4229-A065-95501407641A}.Release|Any CPU.ActiveCfg = Release|Any CPU
		{B52F0298-BE80-4229-A065-95501407641A}.Release|Any CPU.Build.0 = Release|Any CPU
		{27717901-2789-4081-B358-968C3A846A7A}.Debug|Any CPU.ActiveCfg = Debug|Any CPU
		{27717901-2789-4081-B358-968C3A846A7A}.Debug|Any CPU.Build.0 = Debug|Any CPU
		{27717901-2789-4081-B358-968C3A846A7A}.Release|Any CPU.ActiveCfg = Release|Any CPU
		{27717901-2789-4081-B358-968C3A846A7A}.Release|Any CPU.Build.0 = Release|Any CPU
		{8B84415A-C5BC-4828-AD0A-ADFC654066E3}.Debug|Any CPU.ActiveCfg = Debug|Any CPU
		{8B84415A-C5BC-4828-AD0A-ADFC654066E3}.Debug|Any CPU.Build.0 = Debug|Any CPU
		{8B84415A-C5BC-4828-AD0A-ADFC654066E3}.Release|Any CPU.ActiveCfg = Release|Any CPU
		{8B84415A-C5BC-4828-AD0A-ADFC654066E3}.Release|Any CPU.Build.0 = Release|Any CPU
		{9123706A-CE8F-4496-BC6B-248873ECB05D}.Debug|Any CPU.ActiveCfg = Debug|Any CPU
		{9123706A-CE8F-4496-BC6B-248873ECB05D}.Debug|Any CPU.Build.0 = Debug|Any CPU
		{9123706A-CE8F-4496-BC6B-248873ECB05D}.Release|Any CPU.ActiveCfg = Release|Any CPU
		{9123706A-CE8F-4496-BC6B-248873ECB05D}.Release|Any CPU.Build.0 = Release|Any CPU
		{8141935A-9F1A-4E3F-9FE8-895FD6A7C02E}.Debug|Any CPU.ActiveCfg = Debug|Any CPU
		{8141935A-9F1A-4E3F-9FE8-895FD6A7C02E}.Debug|Any CPU.Build.0 = Debug|Any CPU
		{8141935A-9F1A-4E3F-9FE8-895FD6A7C02E}.Release|Any CPU.ActiveCfg = Release|Any CPU
		{8141935A-9F1A-4E3F-9FE8-895FD6A7C02E}.Release|Any CPU.Build.0 = Release|Any CPU
	EndGlobalSection
	GlobalSection(SolutionProperties) = preSolution
		HideSolutionNode = FALSE
	EndGlobalSection
EndGlobal
