
Microsoft Visual Studio Solution File, Format Version 12.00
# Visual Studio 2013
VisualStudioVersion = 12.0.31101.0
MinimumVisualStudioVersion = 10.0.40219.1
Project("{FAE04EC0-301F-11D3-BF4B-00C04F79EFBC}") = "01.DeclareVariables", "01.DeclareVariables\01.DeclareVariables.csproj", "{FFE64755-A10D-4521-9D04-97186B782BAF}"
EndProject
Project("{FAE04EC0-301F-11D3-BF4B-00C04F79EFBC}") = "02.FloatOrDouble", "02.FloatOrDouble\02.FloatOrDouble.csproj", "{7A0398B2-AE62-49CE-A989-9AB5B820A10A}"
EndProject
Project("{FAE04EC0-301F-11D3-BF4B-00C04F79EFBC}") = "03.VariableInHexadecimalFormat", "03.VariableInHexadecimalFormat\03.VariableInHexadecimalFormat.csproj", "{6EFD01FD-806F-4087-B865-F8A8B15D6FE1}"
EndProject
Project("{FAE04EC0-301F-11D3-BF4B-00C04F79EFBC}") = "04.UnicodeCharacter", "04.UnicodeCharacter\04.UnicodeCharacter.csproj", "{C6187643-A593-42F0-9414-70C5C87F9B76}"
EndProject
Project("{FAE04EC0-301F-11D3-BF4B-00C04F79EFBC}") = "05.BooleanVariable", "05.BooleanVariable\05.BooleanVariable.csproj", "{D5E2EEA4-F52E-47D3-AE78-660836D7AD55}"
EndProject
Project("{FAE04EC0-301F-11D3-BF4B-00C04F79EFBC}") = "06.StringsAndObjects", "06.StringsAndObjects\06.StringsAndObjects.csproj", "{1B96B6D4-DEBA-4CD6-9AC9-C32389680180}"
EndProject
Global
	GlobalSection(SolutionConfigurationPlatforms) = preSolution
		Debug|Any CPU = Debug|Any CPU
		Release|Any CPU = Release|Any CPU
	EndGlobalSection
	GlobalSection(ProjectConfigurationPlatforms) = postSolution
		{FFE64755-A10D-4521-9D04-97186B782BAF}.Debug|Any CPU.ActiveCfg = Debug|Any CPU
		{FFE64755-A10D-4521-9D04-97186B782BAF}.Debug|Any CPU.Build.0 = Debug|Any CPU
		{FFE64755-A10D-4521-9D04-97186B782BAF}.Release|Any CPU.ActiveCfg = Release|Any CPU
		{FFE64755-A10D-4521-9D04-97186B782BAF}.Release|Any CPU.Build.0 = Release|Any CPU
		{7A0398B2-AE62-49CE-A989-9AB5B820A10A}.Debug|Any CPU.ActiveCfg = Debug|Any CPU
		{7A0398B2-AE62-49CE-A989-9AB5B820A10A}.Debug|Any CPU.Build.0 = Debug|Any CPU
		{7A0398B2-AE62-49CE-A989-9AB5B820A10A}.Release|Any CPU.ActiveCfg = Release|Any CPU
		{7A0398B2-AE62-49CE-A989-9AB5B820A10A}.Release|Any CPU.Build.0 = Release|Any CPU
		{6EFD01FD-806F-4087-B865-F8A8B15D6FE1}.Debug|Any CPU.ActiveCfg = Debug|Any CPU
		{6EFD01FD-806F-4087-B865-F8A8B15D6FE1}.Debug|Any CPU.Build.0 = Debug|Any CPU
		{6EFD01FD-806F-4087-B865-F8A8B15D6FE1}.Release|Any CPU.ActiveCfg = Release|Any CPU
		{6EFD01FD-806F-4087-B865-F8A8B15D6FE1}.Release|Any CPU.Build.0 = Release|Any CPU
		{C6187643-A593-42F0-9414-70C5C87F9B76}.Debug|Any CPU.ActiveCfg = Debug|Any CPU
		{C6187643-A593-42F0-9414-70C5C87F9B76}.Debug|Any CPU.Build.0 = Debug|Any CPU
		{C6187643-A593-42F0-9414-70C5C87F9B76}.Release|Any CPU.ActiveCfg = Release|Any CPU
		{C6187643-A593-42F0-9414-70C5C87F9B76}.Release|Any CPU.Build.0 = Release|Any CPU
		{D5E2EEA4-F52E-47D3-AE78-660836D7AD55}.Debug|Any CPU.ActiveCfg = Debug|Any CPU
		{D5E2EEA4-F52E-47D3-AE78-660836D7AD55}.Debug|Any CPU.Build.0 = Debug|Any CPU
		{D5E2EEA4-F52E-47D3-AE78-660836D7AD55}.Release|Any CPU.ActiveCfg = Release|Any CPU
		{D5E2EEA4-F52E-47D3-AE78-660836D7AD55}.Release|Any CPU.Build.0 = Release|Any CPU
		{1B96B6D4-DEBA-4CD6-9AC9-C32389680180}.Debug|Any CPU.ActiveCfg = Debug|Any CPU
		{1B96B6D4-DEBA-4CD6-9AC9-C32389680180}.Debug|Any CPU.Build.0 = Debug|Any CPU
		{1B96B6D4-DEBA-4CD6-9AC9-C32389680180}.Release|Any CPU.ActiveCfg = Release|Any CPU
		{1B96B6D4-DEBA-4CD6-9AC9-C32389680180}.Release|Any CPU.Build.0 = Release|Any CPU
	EndGlobalSection
	GlobalSection(SolutionProperties) = preSolution
		HideSolutionNode = FALSE
	EndGlobalSection
EndGlobal
