
Microsoft Visual Studio Solution File, Format Version 12.00
# Visual Studio 2013
VisualStudioVersion = 12.0.31101.0
MinimumVisualStudioVersion = 10.0.40219.1
Project("{FAE04EC0-301F-11D3-BF4B-00C04F79EFBC}") = "01.FillTheMatrix", "01.FillTheMatrix\01.FillTheMatrix.csproj", "{2B90FD8A-606E-4072-942B-1DFB040F9131}"
EndProject
Project("{FAE04EC0-301F-11D3-BF4B-00C04F79EFBC}") = "02.MaximalSum", "02.MaximalSum\02.MaximalSum.csproj", "{BAA79168-A276-448C-81D9-C302978D4FBF}"
EndProject
Project("{FAE04EC0-301F-11D3-BF4B-00C04F79EFBC}") = "03.SequenceNMatrix", "03.SequenceNMatrix\03.SequenceNMatrix.csproj", "{653254CA-580E-4F0C-BD40-35C0417B9F0F}"
EndProject
Project("{FAE04EC0-301F-11D3-BF4B-00C04F79EFBC}") = "04.BinarySearch", "04.BinarySearch\04.BinarySearch.csproj", "{5C09A27F-C315-4F82-A7A2-7ED380283B07}"
EndProject
Project("{FAE04EC0-301F-11D3-BF4B-00C04F79EFBC}") = "05.SortByStringLength", "05.SortByStringLength\05.SortByStringLength.csproj", "{07C2211C-D719-433D-BE05-D8B1C1AFB65C}"
EndProject
Global
	GlobalSection(SolutionConfigurationPlatforms) = preSolution
		Debug|Any CPU = Debug|Any CPU
		Release|Any CPU = Release|Any CPU
	EndGlobalSection
	GlobalSection(ProjectConfigurationPlatforms) = postSolution
		{2B90FD8A-606E-4072-942B-1DFB040F9131}.Debug|Any CPU.ActiveCfg = Debug|Any CPU
		{2B90FD8A-606E-4072-942B-1DFB040F9131}.Debug|Any CPU.Build.0 = Debug|Any CPU
		{2B90FD8A-606E-4072-942B-1DFB040F9131}.Release|Any CPU.ActiveCfg = Release|Any CPU
		{2B90FD8A-606E-4072-942B-1DFB040F9131}.Release|Any CPU.Build.0 = Release|Any CPU
		{BAA79168-A276-448C-81D9-C302978D4FBF}.Debug|Any CPU.ActiveCfg = Debug|Any CPU
		{BAA79168-A276-448C-81D9-C302978D4FBF}.Debug|Any CPU.Build.0 = Debug|Any CPU
		{BAA79168-A276-448C-81D9-C302978D4FBF}.Release|Any CPU.ActiveCfg = Release|Any CPU
		{BAA79168-A276-448C-81D9-C302978D4FBF}.Release|Any CPU.Build.0 = Release|Any CPU
		{653254CA-580E-4F0C-BD40-35C0417B9F0F}.Debug|Any CPU.ActiveCfg = Debug|Any CPU
		{653254CA-580E-4F0C-BD40-35C0417B9F0F}.Debug|Any CPU.Build.0 = Debug|Any CPU
		{653254CA-580E-4F0C-BD40-35C0417B9F0F}.Release|Any CPU.ActiveCfg = Release|Any CPU
		{653254CA-580E-4F0C-BD40-35C0417B9F0F}.Release|Any CPU.Build.0 = Release|Any CPU
		{5C09A27F-C315-4F82-A7A2-7ED380283B07}.Debug|Any CPU.ActiveCfg = Debug|Any CPU
		{5C09A27F-C315-4F82-A7A2-7ED380283B07}.Debug|Any CPU.Build.0 = Debug|Any CPU
		{5C09A27F-C315-4F82-A7A2-7ED380283B07}.Release|Any CPU.ActiveCfg = Release|Any CPU
		{5C09A27F-C315-4F82-A7A2-7ED380283B07}.Release|Any CPU.Build.0 = Release|Any CPU
		{07C2211C-D719-433D-BE05-D8B1C1AFB65C}.Debug|Any CPU.ActiveCfg = Debug|Any CPU
		{07C2211C-D719-433D-BE05-D8B1C1AFB65C}.Debug|Any CPU.Build.0 = Debug|Any CPU
		{07C2211C-D719-433D-BE05-D8B1C1AFB65C}.Release|Any CPU.ActiveCfg = Release|Any CPU
		{07C2211C-D719-433D-BE05-D8B1C1AFB65C}.Release|Any CPU.Build.0 = Release|Any CPU
	EndGlobalSection
	GlobalSection(SolutionProperties) = preSolution
		HideSolutionNode = FALSE
	EndGlobalSection
EndGlobal
